
Microsoft Visual Studio Solution File, Format Version 12.00
# Visual Studio 15
VisualStudioVersion = 15.0.28307.1062
MinimumVisualStudioVersion = 10.0.40219.1
Project("{FAE04EC0-301F-11D3-BF4B-00C04F79EFBC}") = "SG_01", "SG_01\SG_01.csproj", "{01CCD5AF-2BE3-4B95-8AB5-CF9D9E24B1FF}"
EndProject
Global
	GlobalSection(SolutionConfigurationPlatforms) = preSolution
		Debug|x86 = Debug|x86
		Release|x86 = Release|x86
	EndGlobalSection
	GlobalSection(ProjectConfigurationPlatforms) = postSolution
		{01CCD5AF-2BE3-4B95-8AB5-CF9D9E24B1FF}.Debug|x86.ActiveCfg = Debug|x86
		{01CCD5AF-2BE3-4B95-8AB5-CF9D9E24B1FF}.Debug|x86.Build.0 = Debug|x86
		{01CCD5AF-2BE3-4B95-8AB5-CF9D9E24B1FF}.Release|x86.ActiveCfg = Release|x86
		{01CCD5AF-2BE3-4B95-8AB5-CF9D9E24B1FF}.Release|x86.Build.0 = Release|x86
	EndGlobalSection
	GlobalSection(SolutionProperties) = preSolution
		HideSolutionNode = FALSE
	EndGlobalSection
	GlobalSection(ExtensibilityGlobals) = postSolution
		SolutionGuid = {D6740236-36A0-4992-8FB3-68197EB0A7FA}
	EndGlobalSection
EndGlobal
